
Microsoft Visual Studio Solution File, Format Version 12.00
# Visual Studio Version 17
VisualStudioVersion = 17.4.33103.184
MinimumVisualStudioVersion = 10.0.40219.1
Project("{FAE04EC0-301F-11D3-BF4B-00C04F79EFBC}") = "VoiceTexterBot", "VoiceTexterBot\VoiceTexterBot.csproj", "{5D3F8E4C-EA40-45AF-BC18-821B39CBFFFF}"
EndProject
Global
	GlobalSection(SolutionConfigurationPlatforms) = preSolution
		Debug|Any CPU = Debug|Any CPU
		Release|Any CPU = Release|Any CPU
	EndGlobalSection
	GlobalSection(ProjectConfigurationPlatforms) = postSolution
		{5D3F8E4C-EA40-45AF-BC18-821B39CBFFFF}.Debug|Any CPU.ActiveCfg = Debug|Any CPU
		{5D3F8E4C-EA40-45AF-BC18-821B39CBFFFF}.Debug|Any CPU.Build.0 = Debug|Any CPU
		{5D3F8E4C-EA40-45AF-BC18-821B39CBFFFF}.Release|Any CPU.ActiveCfg = Release|Any CPU
		{5D3F8E4C-EA40-45AF-BC18-821B39CBFFFF}.Release|Any CPU.Build.0 = Release|Any CPU
	EndGlobalSection
	GlobalSection(SolutionProperties) = preSolution
		HideSolutionNode = FALSE
	EndGlobalSection
	GlobalSection(ExtensibilityGlobals) = postSolution
		SolutionGuid = {3CF98F3F-3704-4060-81A2-89C7E3D04E30}
	EndGlobalSection
EndGlobal
